
Microsoft Visual Studio Solution File, Format Version 12.00
# Visual Studio Version 16
VisualStudioVersion = 16.0.33801.447
MinimumVisualStudioVersion = 10.0.40219.1
Project("{FAE04EC0-301F-11D3-BF4B-00C04F79EFBC}") = "Aula1Csharp", "Aula1Csharp\Aula1Csharp.csproj", "{C3CD0452-36E6-492A-B43B-6EFF18D15E52}"
EndProject
Global
	GlobalSection(SolutionConfigurationPlatforms) = preSolution
		Debug|Any CPU = Debug|Any CPU
		Release|Any CPU = Release|Any CPU
	EndGlobalSection
	GlobalSection(ProjectConfigurationPlatforms) = postSolution
		{C3CD0452-36E6-492A-B43B-6EFF18D15E52}.Debug|Any CPU.ActiveCfg = Debug|Any CPU
		{C3CD0452-36E6-492A-B43B-6EFF18D15E52}.Debug|Any CPU.Build.0 = Debug|Any CPU
		{C3CD0452-36E6-492A-B43B-6EFF18D15E52}.Release|Any CPU.ActiveCfg = Release|Any CPU
		{C3CD0452-36E6-492A-B43B-6EFF18D15E52}.Release|Any CPU.Build.0 = Release|Any CPU
	EndGlobalSection
	GlobalSection(SolutionProperties) = preSolution
		HideSolutionNode = FALSE
	EndGlobalSection
	GlobalSection(ExtensibilityGlobals) = postSolution
		SolutionGuid = {F65A6F52-01EA-495C-A827-BD4F6BD1B9E0}
	EndGlobalSection
EndGlobal
